
Microsoft Visual Studio Solution File, Format Version 12.00
# Visual Studio Version 17
VisualStudioVersion = 17.0.31912.275
MinimumVisualStudioVersion = 10.0.40219.1
Project("{FAE04EC0-301F-11D3-BF4B-00C04F79EFBC}") = "Dalk.WinformsTranslator", "Dalk.WinformsTranslator\Dalk.WinformsTranslator.csproj", "{52CB15FB-BA88-411E-BF6D-F8F27E66BD4D}"
EndProject
Project("{FAE04EC0-301F-11D3-BF4B-00C04F79EFBC}") = "Tests", "Tests\Tests.csproj", "{99E1D5CE-8ED3-4203-B56A-602633BE7C74}"
EndProject
Global
	GlobalSection(SolutionConfigurationPlatforms) = preSolution
		Debug|Any CPU = Debug|Any CPU
		Release|Any CPU = Release|Any CPU
	EndGlobalSection
	GlobalSection(ProjectConfigurationPlatforms) = postSolution
		{52CB15FB-BA88-411E-BF6D-F8F27E66BD4D}.Debug|Any CPU.ActiveCfg = Debug|Any CPU
		{52CB15FB-BA88-411E-BF6D-F8F27E66BD4D}.Debug|Any CPU.Build.0 = Debug|Any CPU
		{52CB15FB-BA88-411E-BF6D-F8F27E66BD4D}.Release|Any CPU.ActiveCfg = Release|Any CPU
		{52CB15FB-BA88-411E-BF6D-F8F27E66BD4D}.Release|Any CPU.Build.0 = Release|Any CPU
		{99E1D5CE-8ED3-4203-B56A-602633BE7C74}.Debug|Any CPU.ActiveCfg = Debug|Any CPU
		{99E1D5CE-8ED3-4203-B56A-602633BE7C74}.Debug|Any CPU.Build.0 = Debug|Any CPU
		{99E1D5CE-8ED3-4203-B56A-602633BE7C74}.Release|Any CPU.ActiveCfg = Release|Any CPU
		{99E1D5CE-8ED3-4203-B56A-602633BE7C74}.Release|Any CPU.Build.0 = Release|Any CPU
	EndGlobalSection
	GlobalSection(SolutionProperties) = preSolution
		HideSolutionNode = FALSE
	EndGlobalSection
	GlobalSection(ExtensibilityGlobals) = postSolution
		SolutionGuid = {769D9C37-7BDB-4069-BAAA-6F9E5117615E}
	EndGlobalSection
EndGlobal
